
Microsoft Visual Studio Solution File, Format Version 12.00
# Visual Studio 14
VisualStudioVersion = 14.0.25420.1
MinimumVisualStudioVersion = 10.0.40219.1
Project("{FAE04EC0-301F-11D3-BF4B-00C04F79EFBC}") = "lua_interface", "lua_interface\lua_interface.csproj", "{CF7CACEA-A68D-46EB-A7DC-EC7F81EE9DB5}"
	ProjectSection(ProjectDependencies) = postProject
		{22F75B22-CD39-49B6-A07C-4FE3E9EED77C} = {22F75B22-CD39-49B6-A07C-4FE3E9EED77C}
	EndProjectSection
EndProject
Project("{FAE04EC0-301F-11D3-BF4B-00C04F79EFBC}") = "test", "test\test.csproj", "{F9A48F69-051D-4D13-B089-94A53F0E1D67}"
EndProject
Project("{8BC9CEB8-8B4A-11D0-8D11-00A0C91BC942}") = "lua_core", "lua_core\lua_core.vcxproj", "{22F75B22-CD39-49B6-A07C-4FE3E9EED77C}"
EndProject
Global
	GlobalSection(SolutionConfigurationPlatforms) = preSolution
		Debug|Any CPU = Debug|Any CPU
		Debug|x64 = Debug|x64
		Debug|x86 = Debug|x86
		Release|Any CPU = Release|Any CPU
		Release|x64 = Release|x64
		Release|x86 = Release|x86
	EndGlobalSection
	GlobalSection(ProjectConfigurationPlatforms) = postSolution
		{CF7CACEA-A68D-46EB-A7DC-EC7F81EE9DB5}.Debug|Any CPU.ActiveCfg = Debug|Any CPU
		{CF7CACEA-A68D-46EB-A7DC-EC7F81EE9DB5}.Debug|Any CPU.Build.0 = Debug|Any CPU
		{CF7CACEA-A68D-46EB-A7DC-EC7F81EE9DB5}.Debug|x64.ActiveCfg = Debug|Any CPU
		{CF7CACEA-A68D-46EB-A7DC-EC7F81EE9DB5}.Debug|x64.Build.0 = Debug|Any CPU
		{CF7CACEA-A68D-46EB-A7DC-EC7F81EE9DB5}.Debug|x86.ActiveCfg = Debug|Any CPU
		{CF7CACEA-A68D-46EB-A7DC-EC7F81EE9DB5}.Debug|x86.Build.0 = Debug|Any CPU
		{CF7CACEA-A68D-46EB-A7DC-EC7F81EE9DB5}.Release|Any CPU.ActiveCfg = Release|Any CPU
		{CF7CACEA-A68D-46EB-A7DC-EC7F81EE9DB5}.Release|Any CPU.Build.0 = Release|Any CPU
		{CF7CACEA-A68D-46EB-A7DC-EC7F81EE9DB5}.Release|x64.ActiveCfg = Release|Any CPU
		{CF7CACEA-A68D-46EB-A7DC-EC7F81EE9DB5}.Release|x64.Build.0 = Release|Any CPU
		{CF7CACEA-A68D-46EB-A7DC-EC7F81EE9DB5}.Release|x86.ActiveCfg = Release|Any CPU
		{CF7CACEA-A68D-46EB-A7DC-EC7F81EE9DB5}.Release|x86.Build.0 = Release|Any CPU
		{F9A48F69-051D-4D13-B089-94A53F0E1D67}.Debug|Any CPU.ActiveCfg = Debug|Any CPU
		{F9A48F69-051D-4D13-B089-94A53F0E1D67}.Debug|Any CPU.Build.0 = Debug|Any CPU
		{F9A48F69-051D-4D13-B089-94A53F0E1D67}.Debug|x64.ActiveCfg = Debug|Any CPU
		{F9A48F69-051D-4D13-B089-94A53F0E1D67}.Debug|x64.Build.0 = Debug|Any CPU
		{F9A48F69-051D-4D13-B089-94A53F0E1D67}.Debug|x86.ActiveCfg = Debug|Any CPU
		{F9A48F69-051D-4D13-B089-94A53F0E1D67}.Debug|x86.Build.0 = Debug|Any CPU
		{F9A48F69-051D-4D13-B089-94A53F0E1D67}.Release|Any CPU.ActiveCfg = Release|Any CPU
		{F9A48F69-051D-4D13-B089-94A53F0E1D67}.Release|Any CPU.Build.0 = Release|Any CPU
		{F9A48F69-051D-4D13-B089-94A53F0E1D67}.Release|x64.ActiveCfg = Release|Any CPU
		{F9A48F69-051D-4D13-B089-94A53F0E1D67}.Release|x64.Build.0 = Release|Any CPU
		{F9A48F69-051D-4D13-B089-94A53F0E1D67}.Release|x86.ActiveCfg = Release|Any CPU
		{F9A48F69-051D-4D13-B089-94A53F0E1D67}.Release|x86.Build.0 = Release|Any CPU
		{22F75B22-CD39-49B6-A07C-4FE3E9EED77C}.Debug|Any CPU.ActiveCfg = Debug|Win32
		{22F75B22-CD39-49B6-A07C-4FE3E9EED77C}.Debug|x64.ActiveCfg = Debug|x64
		{22F75B22-CD39-49B6-A07C-4FE3E9EED77C}.Debug|x64.Build.0 = Debug|x64
		{22F75B22-CD39-49B6-A07C-4FE3E9EED77C}.Debug|x86.ActiveCfg = Debug|Win32
		{22F75B22-CD39-49B6-A07C-4FE3E9EED77C}.Debug|x86.Build.0 = Debug|Win32
		{22F75B22-CD39-49B6-A07C-4FE3E9EED77C}.Release|Any CPU.ActiveCfg = Release|Win32
		{22F75B22-CD39-49B6-A07C-4FE3E9EED77C}.Release|Any CPU.Build.0 = Release|Win32
		{22F75B22-CD39-49B6-A07C-4FE3E9EED77C}.Release|x64.ActiveCfg = Release|x64
		{22F75B22-CD39-49B6-A07C-4FE3E9EED77C}.Release|x64.Build.0 = Release|x64
		{22F75B22-CD39-49B6-A07C-4FE3E9EED77C}.Release|x86.ActiveCfg = Release|Win32
		{22F75B22-CD39-49B6-A07C-4FE3E9EED77C}.Release|x86.Build.0 = Release|Win32
	EndGlobalSection
	GlobalSection(SolutionProperties) = preSolution
		HideSolutionNode = FALSE
	EndGlobalSection
EndGlobal
